
Microsoft Visual Studio Solution File, Format Version 12.00
# Visual Studio Version 17
VisualStudioVersion = 17.0.31903.59
MinimumVisualStudioVersion = 10.0.40219.1
Project("{2150E333-8FDC-42A3-9474-1A3956D46DE8}") = "src", "src", "{8C1E17AF-7E35-4DA5-8FCC-515A56AA62E3}"
EndProject
Project("{9A19103F-16F7-4668-BE54-9A1E7A4F7556}") = "MapDat.API", "src\MapDat.API\MapDat.API.csproj", "{593E4DDB-8979-4D44-A7FC-992485C440FB}"
EndProject
Project("{9A19103F-16F7-4668-BE54-9A1E7A4F7556}") = "MapDat.Application", "src\MapDat.Application\MapDat.Application.csproj", "{AD57B26E-ACC3-4122-8FC9-DD739A4DB479}"
EndProject
Project("{9A19103F-16F7-4668-BE54-9A1E7A4F7556}") = "MapDat.AuthorizationServer", "src\MapDat.AuthorizationServer\MapDat.AuthorizationServer.csproj", "{9ACBCEEA-9C35-4AEC-973D-3905C8D51350}"
EndProject
Project("{9A19103F-16F7-4668-BE54-9A1E7A4F7556}") = "MapDat.Infrastructure", "src\MapDat.Infrastructure\MapDat.Infrastructure.csproj", "{142CCE04-2CCB-4568-B584-62AF1F90A000}"
EndProject
Project("{9A19103F-16F7-4668-BE54-9A1E7A4F7556}") = "MapDat.Persistance", "src\MapDat.Persistance\MapDat.Persistance.csproj", "{44EC9045-FA84-4B14-BD37-937B3BEB1FB1}"
EndProject
Project("{9A19103F-16F7-4668-BE54-9A1E7A4F7556}") = "MapDat.Domain", "src\MapDat.Domain\MapDat.Domain.csproj", "{C5FADE9C-C857-421E-9700-B175BB3E537F}"
EndProject
Global
	GlobalSection(SolutionConfigurationPlatforms) = preSolution
		Debug|Any CPU = Debug|Any CPU
		Release|Any CPU = Release|Any CPU
	EndGlobalSection
	GlobalSection(ProjectConfigurationPlatforms) = postSolution
		{593E4DDB-8979-4D44-A7FC-992485C440FB}.Debug|Any CPU.ActiveCfg = Debug|Any CPU
		{593E4DDB-8979-4D44-A7FC-992485C440FB}.Debug|Any CPU.Build.0 = Debug|Any CPU
		{593E4DDB-8979-4D44-A7FC-992485C440FB}.Release|Any CPU.ActiveCfg = Release|Any CPU
		{593E4DDB-8979-4D44-A7FC-992485C440FB}.Release|Any CPU.Build.0 = Release|Any CPU
		{AD57B26E-ACC3-4122-8FC9-DD739A4DB479}.Debug|Any CPU.ActiveCfg = Debug|Any CPU
		{AD57B26E-ACC3-4122-8FC9-DD739A4DB479}.Debug|Any CPU.Build.0 = Debug|Any CPU
		{AD57B26E-ACC3-4122-8FC9-DD739A4DB479}.Release|Any CPU.ActiveCfg = Release|Any CPU
		{AD57B26E-ACC3-4122-8FC9-DD739A4DB479}.Release|Any CPU.Build.0 = Release|Any CPU
		{9ACBCEEA-9C35-4AEC-973D-3905C8D51350}.Debug|Any CPU.ActiveCfg = Debug|Any CPU
		{9ACBCEEA-9C35-4AEC-973D-3905C8D51350}.Debug|Any CPU.Build.0 = Debug|Any CPU
		{9ACBCEEA-9C35-4AEC-973D-3905C8D51350}.Release|Any CPU.ActiveCfg = Release|Any CPU
		{9ACBCEEA-9C35-4AEC-973D-3905C8D51350}.Release|Any CPU.Build.0 = Release|Any CPU
		{142CCE04-2CCB-4568-B584-62AF1F90A000}.Debug|Any CPU.ActiveCfg = Debug|Any CPU
		{142CCE04-2CCB-4568-B584-62AF1F90A000}.Debug|Any CPU.Build.0 = Debug|Any CPU
		{142CCE04-2CCB-4568-B584-62AF1F90A000}.Release|Any CPU.ActiveCfg = Release|Any CPU
		{142CCE04-2CCB-4568-B584-62AF1F90A000}.Release|Any CPU.Build.0 = Release|Any CPU
		{44EC9045-FA84-4B14-BD37-937B3BEB1FB1}.Debug|Any CPU.ActiveCfg = Debug|Any CPU
		{44EC9045-FA84-4B14-BD37-937B3BEB1FB1}.Debug|Any CPU.Build.0 = Debug|Any CPU
		{44EC9045-FA84-4B14-BD37-937B3BEB1FB1}.Release|Any CPU.ActiveCfg = Release|Any CPU
		{44EC9045-FA84-4B14-BD37-937B3BEB1FB1}.Release|Any CPU.Build.0 = Release|Any CPU
		{C5FADE9C-C857-421E-9700-B175BB3E537F}.Debug|Any CPU.ActiveCfg = Debug|Any CPU
		{C5FADE9C-C857-421E-9700-B175BB3E537F}.Debug|Any CPU.Build.0 = Debug|Any CPU
		{C5FADE9C-C857-421E-9700-B175BB3E537F}.Release|Any CPU.ActiveCfg = Release|Any CPU
		{C5FADE9C-C857-421E-9700-B175BB3E537F}.Release|Any CPU.Build.0 = Release|Any CPU
	EndGlobalSection
	GlobalSection(SolutionProperties) = preSolution
		HideSolutionNode = FALSE
	EndGlobalSection
	GlobalSection(ExtensibilityGlobals) = postSolution
		SolutionGuid = {E4A5CA6F-9BCF-459A-9F19-A96A9929D158}
	EndGlobalSection
EndGlobal
